version: 6
environments:
  default:
    channels:
    - url: https://conda.anaconda.org/conda-forge/
    - url: https://repo.prefix.dev/glatzel/
    packages:
      linux-64:
      - conda: https://repo.prefix.dev/glatzel/linux-64/espflash-4.2.0-hb0f4dca_0.conda
      osx-arm64:
      - conda: https://repo.prefix.dev/glatzel/osx-arm64/espflash-4.2.0-h60d57d3_0.conda
      win-64:
      - conda: https://repo.prefix.dev/glatzel/win-64/espflash-4.2.0-h9490d1a_0.conda
packages:
- conda: https://repo.prefix.dev/glatzel/linux-64/espflash-4.2.0-hb0f4dca_0.conda
  sha256: 88c7c32b8b409a17ace4c98f6b40b6707aeff8ca61c282033216bd116fe61609
  size: 3720207
  timestamp: 1760374826929
- conda: https://repo.prefix.dev/glatzel/osx-arm64/espflash-4.2.0-h60d57d3_0.conda
  sha256: 01eb874d0bf9607fc144bdc2c86a79ec543f1205b58d1ba0c5c32bdae65c9da4
  size: 3386365
  timestamp: 1760374885014
- conda: https://repo.prefix.dev/glatzel/win-64/espflash-4.2.0-h9490d1a_0.conda
  sha256: 3f7b838be5469c8c70c5baa1a54519d99bb86cebd8272704d3ec32193f1d1b60
  size: 3110780
  timestamp: 1760374996753
